
Microsoft Visual Studio Solution File, Format Version 12.00
# Visual Studio Version 17
VisualStudioVersion = 17.12.35707.178 d17.12
MinimumVisualStudioVersion = 10.0.40219.1
Project("{FAE04EC0-301F-11D3-BF4B-00C04F79EFBC}") = "StudentADODemo", "StudentADODemo\StudentADODemo.csproj", "{70C44077-A76D-4F55-A9FE-50AD37FDBF7E}"
EndProject
Project("{FAE04EC0-301F-11D3-BF4B-00C04F79EFBC}") = "StudentService", "StudentService\StudentService.csproj", "{CA48B071-C1DB-43DB-8B97-F45D773E96A6}"
EndProject
Global
	GlobalSection(SolutionConfigurationPlatforms) = preSolution
		Debug|Any CPU = Debug|Any CPU
		Release|Any CPU = Release|Any CPU
	EndGlobalSection
	GlobalSection(ProjectConfigurationPlatforms) = postSolution
		{70C44077-A76D-4F55-A9FE-50AD37FDBF7E}.Debug|Any CPU.ActiveCfg = Debug|Any CPU
		{70C44077-A76D-4F55-A9FE-50AD37FDBF7E}.Debug|Any CPU.Build.0 = Debug|Any CPU
		{70C44077-A76D-4F55-A9FE-50AD37FDBF7E}.Release|Any CPU.ActiveCfg = Release|Any CPU
		{70C44077-A76D-4F55-A9FE-50AD37FDBF7E}.Release|Any CPU.Build.0 = Release|Any CPU
		{CA48B071-C1DB-43DB-8B97-F45D773E96A6}.Debug|Any CPU.ActiveCfg = Debug|Any CPU
		{CA48B071-C1DB-43DB-8B97-F45D773E96A6}.Debug|Any CPU.Build.0 = Debug|Any CPU
		{CA48B071-C1DB-43DB-8B97-F45D773E96A6}.Release|Any CPU.ActiveCfg = Release|Any CPU
		{CA48B071-C1DB-43DB-8B97-F45D773E96A6}.Release|Any CPU.Build.0 = Release|Any CPU
	EndGlobalSection
	GlobalSection(SolutionProperties) = preSolution
		HideSolutionNode = FALSE
	EndGlobalSection
EndGlobal
